
Microsoft Visual Studio Solution File, Format Version 12.00
# Visual Studio Version 16
VisualStudioVersion = 16.0.29306.81
MinimumVisualStudioVersion = 10.0.40219.1
Project("{FAE04EC0-301F-11D3-BF4B-00C04F79EFBC}") = "devNXTBanking", "devNXTBanking.csproj", "{E3360B4F-E80E-4CA8-B1B9-29ABFF53D451}"
EndProject
Global
	GlobalSection(SolutionConfigurationPlatforms) = preSolution
		Debug|Any CPU = Debug|Any CPU
		Release|Any CPU = Release|Any CPU
	EndGlobalSection
	GlobalSection(ProjectConfigurationPlatforms) = postSolution
		{E3360B4F-E80E-4CA8-B1B9-29ABFF53D451}.Debug|Any CPU.ActiveCfg = Debug|Any CPU
		{E3360B4F-E80E-4CA8-B1B9-29ABFF53D451}.Debug|Any CPU.Build.0 = Debug|Any CPU
		{E3360B4F-E80E-4CA8-B1B9-29ABFF53D451}.Release|Any CPU.ActiveCfg = Release|Any CPU
		{E3360B4F-E80E-4CA8-B1B9-29ABFF53D451}.Release|Any CPU.Build.0 = Release|Any CPU
	EndGlobalSection
	GlobalSection(SolutionProperties) = preSolution
		HideSolutionNode = FALSE
	EndGlobalSection
	GlobalSection(ExtensibilityGlobals) = postSolution
		SolutionGuid = {91922F02-E5CE-452D-BAE7-DB224C0F6C74}
	EndGlobalSection
EndGlobal
